{
  "originHash" : "eee3f81108f0242a56c451f508f0bd1de99987fb7b8e31380dc0acf2d3fba34d",
  "pins" : [
    {
      "identity" : "swift-core",
      "kind" : "remoteSourceControl",
      "location" : "https://github.com/vsmbd/swift-core.git",
      "state" : {
        "branch" : "main",
        "revision" : "6bc2c5ac4308d20b5a070432a5d6f58167dfcca0"
      }
    }
  ],
  "version" : 3
}
